
Microsoft Visual Studio Solution File, Format Version 12.00
# Visual Studio Version 16
VisualStudioVersion = 16.0.32413.511
MinimumVisualStudioVersion = 10.0.40219.1
Project("{FAE04EC0-301F-11D3-BF4B-00C04F79EFBC}") = "ACT_0_XAML3", "ACT_0_XAML3\ACT_0_XAML3.csproj", "{E29910DF-6709-4D5E-A226-E5ED96582CAC}"
EndProject
Global
	GlobalSection(SolutionConfigurationPlatforms) = preSolution
		Debug|Any CPU = Debug|Any CPU
		Release|Any CPU = Release|Any CPU
	EndGlobalSection
	GlobalSection(ProjectConfigurationPlatforms) = postSolution
		{E29910DF-6709-4D5E-A226-E5ED96582CAC}.Debug|Any CPU.ActiveCfg = Debug|Any CPU
		{E29910DF-6709-4D5E-A226-E5ED96582CAC}.Debug|Any CPU.Build.0 = Debug|Any CPU
		{E29910DF-6709-4D5E-A226-E5ED96582CAC}.Release|Any CPU.ActiveCfg = Release|Any CPU
		{E29910DF-6709-4D5E-A226-E5ED96582CAC}.Release|Any CPU.Build.0 = Release|Any CPU
	EndGlobalSection
	GlobalSection(SolutionProperties) = preSolution
		HideSolutionNode = FALSE
	EndGlobalSection
	GlobalSection(ExtensibilityGlobals) = postSolution
		SolutionGuid = {57579B0F-3113-4C6F-A4C9-6CB1F6813D3E}
	EndGlobalSection
EndGlobal
