
Microsoft Visual Studio Solution File, Format Version 12.00
# Visual Studio Version 16
VisualStudioVersion = 16.0.32602.291
MinimumVisualStudioVersion = 10.0.40219.1
Project("{FAE04EC0-301F-11D3-BF4B-00C04F79EFBC}") = "ACT_4-Creation_Dynamique", "ACT_4-Creation_Dynamique\ACT_4-Creation_Dynamique.csproj", "{2A1D6B02-AB9A-49D6-B0E9-A2B32C1F8AB8}"
EndProject
Global
	GlobalSection(SolutionConfigurationPlatforms) = preSolution
		Debug|Any CPU = Debug|Any CPU
		Release|Any CPU = Release|Any CPU
	EndGlobalSection
	GlobalSection(ProjectConfigurationPlatforms) = postSolution
		{2A1D6B02-AB9A-49D6-B0E9-A2B32C1F8AB8}.Debug|Any CPU.ActiveCfg = Debug|Any CPU
		{2A1D6B02-AB9A-49D6-B0E9-A2B32C1F8AB8}.Debug|Any CPU.Build.0 = Debug|Any CPU
		{2A1D6B02-AB9A-49D6-B0E9-A2B32C1F8AB8}.Release|Any CPU.ActiveCfg = Release|Any CPU
		{2A1D6B02-AB9A-49D6-B0E9-A2B32C1F8AB8}.Release|Any CPU.Build.0 = Release|Any CPU
	EndGlobalSection
	GlobalSection(SolutionProperties) = preSolution
		HideSolutionNode = FALSE
	EndGlobalSection
	GlobalSection(ExtensibilityGlobals) = postSolution
		SolutionGuid = {2178BBAD-0E98-4187-B2DA-112913E3EB2B}
	EndGlobalSection
EndGlobal
